
Microsoft Visual Studio Solution File, Format Version 12.00
# Visual Studio Version 17
VisualStudioVersion = 17.7.34009.444
MinimumVisualStudioVersion = 10.0.40219.1
Project("{FAE04EC0-301F-11D3-BF4B-00C04F79EFBC}") = "CartinhasPapaiNoel", "CartinhasPapaiNoel\CartinhasPapaiNoel.csproj", "{59A72CE0-43D7-4C04-ABF1-70BD3F484167}"
EndProject
Global
	GlobalSection(SolutionConfigurationPlatforms) = preSolution
		Debug|Any CPU = Debug|Any CPU
		Release|Any CPU = Release|Any CPU
	EndGlobalSection
	GlobalSection(ProjectConfigurationPlatforms) = postSolution
		{59A72CE0-43D7-4C04-ABF1-70BD3F484167}.Debug|Any CPU.ActiveCfg = Debug|Any CPU
		{59A72CE0-43D7-4C04-ABF1-70BD3F484167}.Debug|Any CPU.Build.0 = Debug|Any CPU
		{59A72CE0-43D7-4C04-ABF1-70BD3F484167}.Release|Any CPU.ActiveCfg = Release|Any CPU
		{59A72CE0-43D7-4C04-ABF1-70BD3F484167}.Release|Any CPU.Build.0 = Release|Any CPU
	EndGlobalSection
	GlobalSection(SolutionProperties) = preSolution
		HideSolutionNode = FALSE
	EndGlobalSection
	GlobalSection(ExtensibilityGlobals) = postSolution
		SolutionGuid = {C0721A1F-6F64-4E87-8B3E-40AA7CA4A11E}
	EndGlobalSection
EndGlobal
